
Microsoft Visual Studio Solution File, Format Version 11.00
# Visual Studio 2010
Project("{FAE04EC0-301F-11D3-BF4B-00C04F79EFBC}") = "AGP", "Assembly-CSharp-firstpass.csproj", "{393D926A-EDB8-F854-9F12-8540FBE71A94}"
EndProject
Project("{FAE04EC0-301F-11D3-BF4B-00C04F79EFBC}") = "AGP", "Assembly-CSharp.csproj", "{AAF3BB02-64CB-31B9-F102-0D456DD0919C}"
EndProject
Project("{FAE04EC0-301F-11D3-BF4B-00C04F79EFBC}") = "AGP", "Assembly-CSharp-Editor-firstpass.csproj", "{928E4B4E-32C8-BFBE-7EA7-A6A41D4CA6C2}"
EndProject
Project("{FAE04EC0-301F-11D3-BF4B-00C04F79EFBC}") = "AGP", "Assembly-UnityScript.unityproj", "{E32EBC07-2063-11DB-5C26-7D343A713D8F}"
EndProject
Project("{FAE04EC0-301F-11D3-BF4B-00C04F79EFBC}") = "AGP", "Assembly-UnityScript-Editor.unityproj", "{5D3E34A1-C547-59B2-5F1C-0C0DEC1C8AF2}"
EndProject
Global
	GlobalSection(SolutionConfigurationPlatforms) = preSolution
		Debug|Any CPU = Debug|Any CPU
		Release|Any CPU = Release|Any CPU
	EndGlobalSection
	GlobalSection(ProjectConfigurationPlatforms) = postSolution
		{393D926A-EDB8-F854-9F12-8540FBE71A94}.Debug|Any CPU.ActiveCfg = Debug|Any CPU
		{393D926A-EDB8-F854-9F12-8540FBE71A94}.Debug|Any CPU.Build.0 = Debug|Any CPU
		{393D926A-EDB8-F854-9F12-8540FBE71A94}.Release|Any CPU.ActiveCfg = Release|Any CPU
		{393D926A-EDB8-F854-9F12-8540FBE71A94}.Release|Any CPU.Build.0 = Release|Any CPU
		{AAF3BB02-64CB-31B9-F102-0D456DD0919C}.Debug|Any CPU.ActiveCfg = Debug|Any CPU
		{AAF3BB02-64CB-31B9-F102-0D456DD0919C}.Debug|Any CPU.Build.0 = Debug|Any CPU
		{AAF3BB02-64CB-31B9-F102-0D456DD0919C}.Release|Any CPU.ActiveCfg = Release|Any CPU
		{AAF3BB02-64CB-31B9-F102-0D456DD0919C}.Release|Any CPU.Build.0 = Release|Any CPU
		{928E4B4E-32C8-BFBE-7EA7-A6A41D4CA6C2}.Debug|Any CPU.ActiveCfg = Debug|Any CPU
		{928E4B4E-32C8-BFBE-7EA7-A6A41D4CA6C2}.Debug|Any CPU.Build.0 = Debug|Any CPU
		{928E4B4E-32C8-BFBE-7EA7-A6A41D4CA6C2}.Release|Any CPU.ActiveCfg = Release|Any CPU
		{928E4B4E-32C8-BFBE-7EA7-A6A41D4CA6C2}.Release|Any CPU.Build.0 = Release|Any CPU
		{E32EBC07-2063-11DB-5C26-7D343A713D8F}.Debug|Any CPU.ActiveCfg = Debug|Any CPU
		{E32EBC07-2063-11DB-5C26-7D343A713D8F}.Debug|Any CPU.Build.0 = Debug|Any CPU
		{E32EBC07-2063-11DB-5C26-7D343A713D8F}.Release|Any CPU.ActiveCfg = Release|Any CPU
		{E32EBC07-2063-11DB-5C26-7D343A713D8F}.Release|Any CPU.Build.0 = Release|Any CPU
		{5D3E34A1-C547-59B2-5F1C-0C0DEC1C8AF2}.Debug|Any CPU.ActiveCfg = Debug|Any CPU
		{5D3E34A1-C547-59B2-5F1C-0C0DEC1C8AF2}.Debug|Any CPU.Build.0 = Debug|Any CPU
		{5D3E34A1-C547-59B2-5F1C-0C0DEC1C8AF2}.Release|Any CPU.ActiveCfg = Release|Any CPU
		{5D3E34A1-C547-59B2-5F1C-0C0DEC1C8AF2}.Release|Any CPU.Build.0 = Release|Any CPU
	EndGlobalSection
	GlobalSection(SolutionProperties) = preSolution
		HideSolutionNode = FALSE
	EndGlobalSection
	GlobalSection(MonoDevelopProperties) = preSolution
		StartupItem = Assembly-CSharp.csproj
	EndGlobalSection
EndGlobal
